
Microsoft Visual Studio Solution File, Format Version 12.00
# Visual Studio 15
VisualStudioVersion = 15.0.28307.271
MinimumVisualStudioVersion = 10.0.40219.1
Project("{FAE04EC0-301F-11D3-BF4B-00C04F79EFBC}") = "CalculApi", "CalculApi\CalculApi.csproj", "{3EEA2785-8769-44F9-A53B-A0898B7AF160}"
EndProject
Project("{FAE04EC0-301F-11D3-BF4B-00C04F79EFBC}") = "UnitTestCalculApi", "UnitTestCalculApi\UnitTestCalculApi.csproj", "{08CAFDB3-D3A6-4135-B2D4-A40FD97857C1}"
EndProject
Global
	GlobalSection(SolutionConfigurationPlatforms) = preSolution
		Debug|Any CPU = Debug|Any CPU
		Release|Any CPU = Release|Any CPU
	EndGlobalSection
	GlobalSection(ProjectConfigurationPlatforms) = postSolution
		{3EEA2785-8769-44F9-A53B-A0898B7AF160}.Debug|Any CPU.ActiveCfg = Debug|Any CPU
		{3EEA2785-8769-44F9-A53B-A0898B7AF160}.Debug|Any CPU.Build.0 = Debug|Any CPU
		{3EEA2785-8769-44F9-A53B-A0898B7AF160}.Release|Any CPU.ActiveCfg = Release|Any CPU
		{3EEA2785-8769-44F9-A53B-A0898B7AF160}.Release|Any CPU.Build.0 = Release|Any CPU
		{08CAFDB3-D3A6-4135-B2D4-A40FD97857C1}.Debug|Any CPU.ActiveCfg = Debug|Any CPU
		{08CAFDB3-D3A6-4135-B2D4-A40FD97857C1}.Debug|Any CPU.Build.0 = Debug|Any CPU
		{08CAFDB3-D3A6-4135-B2D4-A40FD97857C1}.Release|Any CPU.ActiveCfg = Release|Any CPU
		{08CAFDB3-D3A6-4135-B2D4-A40FD97857C1}.Release|Any CPU.Build.0 = Release|Any CPU
	EndGlobalSection
	GlobalSection(SolutionProperties) = preSolution
		HideSolutionNode = FALSE
	EndGlobalSection
	GlobalSection(ExtensibilityGlobals) = postSolution
		SolutionGuid = {C445CECD-3FF4-447B-846A-D360ACFA19FB}
	EndGlobalSection
EndGlobal
